
Microsoft Visual Studio Solution File, Format Version 12.00
# Visual Studio 15
VisualStudioVersion = 15.0.27130.2010
MinimumVisualStudioVersion = 10.0.40219.1
Project("{FAE04EC0-301F-11D3-BF4B-00C04F79EFBC}") = "makingPiramid", "makingPiramid\makingPiramid.csproj", "{61407B79-A735-4AD9-B57C-A2A69CC0BD8A}"
EndProject
Global
	GlobalSection(SolutionConfigurationPlatforms) = preSolution
		Debug|Any CPU = Debug|Any CPU
		Release|Any CPU = Release|Any CPU
	EndGlobalSection
	GlobalSection(ProjectConfigurationPlatforms) = postSolution
		{61407B79-A735-4AD9-B57C-A2A69CC0BD8A}.Debug|Any CPU.ActiveCfg = Debug|Any CPU
		{61407B79-A735-4AD9-B57C-A2A69CC0BD8A}.Debug|Any CPU.Build.0 = Debug|Any CPU
		{61407B79-A735-4AD9-B57C-A2A69CC0BD8A}.Release|Any CPU.ActiveCfg = Release|Any CPU
		{61407B79-A735-4AD9-B57C-A2A69CC0BD8A}.Release|Any CPU.Build.0 = Release|Any CPU
	EndGlobalSection
	GlobalSection(SolutionProperties) = preSolution
		HideSolutionNode = FALSE
	EndGlobalSection
	GlobalSection(ExtensibilityGlobals) = postSolution
		SolutionGuid = {070104BD-1E39-4D1F-9FA9-7E6789C639A6}
	EndGlobalSection
EndGlobal
