
Microsoft Visual Studio Solution File, Format Version 12.00
# Visual Studio 15
VisualStudioVersion = 15.0.27130.2010
MinimumVisualStudioVersion = 10.0.40219.1
Project("{FAE04EC0-301F-11D3-BF4B-00C04F79EFBC}") = "consolekey2", "consolekey2\consolekey2.csproj", "{8F882202-C670-4DEC-8B88-B7668F7648F6}"
EndProject
Global
	GlobalSection(SolutionConfigurationPlatforms) = preSolution
		Debug|Any CPU = Debug|Any CPU
		Release|Any CPU = Release|Any CPU
	EndGlobalSection
	GlobalSection(ProjectConfigurationPlatforms) = postSolution
		{8F882202-C670-4DEC-8B88-B7668F7648F6}.Debug|Any CPU.ActiveCfg = Debug|Any CPU
		{8F882202-C670-4DEC-8B88-B7668F7648F6}.Debug|Any CPU.Build.0 = Debug|Any CPU
		{8F882202-C670-4DEC-8B88-B7668F7648F6}.Release|Any CPU.ActiveCfg = Release|Any CPU
		{8F882202-C670-4DEC-8B88-B7668F7648F6}.Release|Any CPU.Build.0 = Release|Any CPU
	EndGlobalSection
	GlobalSection(SolutionProperties) = preSolution
		HideSolutionNode = FALSE
	EndGlobalSection
	GlobalSection(ExtensibilityGlobals) = postSolution
		SolutionGuid = {3333D141-4705-4543-ADC9-7A92D48BA924}
	EndGlobalSection
EndGlobal
